
Microsoft Visual Studio Solution File, Format Version 12.00
# Visual Studio Version 16
VisualStudioVersion = 16.0.30002.166
MinimumVisualStudioVersion = 10.0.40219.1
Project("{FAE04EC0-301F-11D3-BF4B-00C04F79EFBC}") = "chinesezodiac", "chinesezodiac\chinesezodiac.csproj", "{0F10D466-012D-49AC-98EB-C69195DBA48D}"
EndProject
Global
	GlobalSection(SolutionConfigurationPlatforms) = preSolution
		Debug|Any CPU = Debug|Any CPU
		Release|Any CPU = Release|Any CPU
	EndGlobalSection
	GlobalSection(ProjectConfigurationPlatforms) = postSolution
		{0F10D466-012D-49AC-98EB-C69195DBA48D}.Debug|Any CPU.ActiveCfg = Debug|Any CPU
		{0F10D466-012D-49AC-98EB-C69195DBA48D}.Debug|Any CPU.Build.0 = Debug|Any CPU
		{0F10D466-012D-49AC-98EB-C69195DBA48D}.Release|Any CPU.ActiveCfg = Release|Any CPU
		{0F10D466-012D-49AC-98EB-C69195DBA48D}.Release|Any CPU.Build.0 = Release|Any CPU
	EndGlobalSection
	GlobalSection(SolutionProperties) = preSolution
		HideSolutionNode = FALSE
	EndGlobalSection
	GlobalSection(ExtensibilityGlobals) = postSolution
		SolutionGuid = {E9D416EF-6574-47DF-BDCC-23EDD1935AEC}
	EndGlobalSection
EndGlobal
